
Microsoft Visual Studio Solution File, Format Version 12.00
# Visual Studio Version 17
VisualStudioVersion = 17.4.33403.182
MinimumVisualStudioVersion = 10.0.40219.1
Project("{9A19103F-16F7-4668-BE54-9A1E7A4F7556}") = "GuidanceFacebookAPI", "GuidanceFacebookAPI.csproj", "{5357740D-3F39-4523-A1CC-CBAD5E61B94E}"
EndProject
Project("{FAE04EC0-301F-11D3-BF4B-00C04F79EFBC}") = "TestGuidanceFacebookAPI", "..\TestGuidanceFacebookAPI\TestGuidanceFacebookAPI.csproj", "{4115A26E-9E87-48C6-B4ED-E5232F06ABFC}"
EndProject
Global
	GlobalSection(SolutionConfigurationPlatforms) = preSolution
		Debug|Any CPU = Debug|Any CPU
		Release|Any CPU = Release|Any CPU
	EndGlobalSection
	GlobalSection(ProjectConfigurationPlatforms) = postSolution
		{5357740D-3F39-4523-A1CC-CBAD5E61B94E}.Debug|Any CPU.ActiveCfg = Debug|Any CPU
		{5357740D-3F39-4523-A1CC-CBAD5E61B94E}.Debug|Any CPU.Build.0 = Debug|Any CPU
		{5357740D-3F39-4523-A1CC-CBAD5E61B94E}.Release|Any CPU.ActiveCfg = Release|Any CPU
		{5357740D-3F39-4523-A1CC-CBAD5E61B94E}.Release|Any CPU.Build.0 = Release|Any CPU
		{4115A26E-9E87-48C6-B4ED-E5232F06ABFC}.Debug|Any CPU.ActiveCfg = Debug|Any CPU
		{4115A26E-9E87-48C6-B4ED-E5232F06ABFC}.Debug|Any CPU.Build.0 = Debug|Any CPU
		{4115A26E-9E87-48C6-B4ED-E5232F06ABFC}.Release|Any CPU.ActiveCfg = Release|Any CPU
		{4115A26E-9E87-48C6-B4ED-E5232F06ABFC}.Release|Any CPU.Build.0 = Release|Any CPU
	EndGlobalSection
	GlobalSection(SolutionProperties) = preSolution
		HideSolutionNode = FALSE
	EndGlobalSection
	GlobalSection(ExtensibilityGlobals) = postSolution
		SolutionGuid = {DBE65164-C6A4-434A-B4DA-A1DF9F5797CB}
	EndGlobalSection
EndGlobal
